
Microsoft Visual Studio Solution File, Format Version 12.00
# Visual Studio Version 17
VisualStudioVersion = 17.10.34928.147
MinimumVisualStudioVersion = 10.0.40219.1
Project("{9A19103F-16F7-4668-BE54-9A1E7A4F7556}") = "Admin.Api", "Admin.Api\Admin.Api.csproj", "{D6946674-F48D-4B66-A077-9DB3194CEC5B}"
EndProject
Project("{2150E333-8FDC-42A3-9474-1A3956D46DE8}") = "API", "API", "{C673D072-A4D5-4709-97BB-760A674345D9}"
EndProject
Project("{2150E333-8FDC-42A3-9474-1A3956D46DE8}") = "Core", "Core", "{F4A1DBF4-785E-4682-B543-34F08EFCD9A6}"
EndProject
Project("{2150E333-8FDC-42A3-9474-1A3956D46DE8}") = "Infrustructure", "Infrustructure", "{68C90E22-2B2E-491D-96F8-60C475EB644E}"
EndProject
Project("{9A19103F-16F7-4668-BE54-9A1E7A4F7556}") = "Admin.Domain", "Admin.Domain\Admin.Domain.csproj", "{A769F86A-BFD4-40BB-8698-AA2998537BCC}"
EndProject
Project("{9A19103F-16F7-4668-BE54-9A1E7A4F7556}") = "Admin.Infrustructure", "Admin.Infrustructure\Admin.Infrustructure.csproj", "{968684B3-4A81-4922-92EB-7BDD893CC848}"
EndProject
Project("{9A19103F-16F7-4668-BE54-9A1E7A4F7556}") = "Admin.Persistence", "Admin.Persistence\Admin.Persistence.csproj", "{1B8650C6-CF29-4D0B-A2D2-C4843E60E9E9}"
EndProject
Project("{9A19103F-16F7-4668-BE54-9A1E7A4F7556}") = "Admin.Application", "Admin.Application\Admin.Application.csproj", "{1AB947E8-0898-4963-982A-3748D8FAD49F}"
EndProject
Project("{E53339B2-1760-4266-BCC7-CA923CBCF16C}") = "docker-compose", "docker-compose.dcproj", "{4BA94D6D-F702-43F1-9E9C-DDFF99DBCED9}"
EndProject
Project("{2150E333-8FDC-42A3-9474-1A3956D46DE8}") = "UI", "UI", "{7A67E174-00E4-4C99-80A6-1AB7CA1AA256}"
EndProject
Project("{2150E333-8FDC-42A3-9474-1A3956D46DE8}") = "shared", "shared", "{BA62798C-DF4A-4A68-B361-4339A6BB9FEF}"
EndProject
Project("{9A19103F-16F7-4668-BE54-9A1E7A4F7556}") = "Admin.Shared", "Admin.Shared\Admin.Shared.csproj", "{B7A77A67-A729-4D91-ABE0-3F8B90421E44}"
EndProject
Project("{2150E333-8FDC-42A3-9474-1A3956D46DE8}") = "Connections", "Connections", "{E711394E-7FE3-4011-8B0D-CDC678C24503}"
EndProject
Project("{2150E333-8FDC-42A3-9474-1A3956D46DE8}") = "Src", "Src", "{AC72FBC3-EA93-4AAF-A654-8C153FB706C4}"
EndProject
Project("{2150E333-8FDC-42A3-9474-1A3956D46DE8}") = "Tests", "Tests", "{061A5B3A-1717-4657-835E-1A809B05D28D}"
EndProject
Project("{9A19103F-16F7-4668-BE54-9A1E7A4F7556}") = "Admin.Connection", "Admin.Connection\Admin.Connection.csproj", "{4C1EF434-8DA3-4747-AC89-DC7449467D00}"
EndProject
Project("{2150E333-8FDC-42A3-9474-1A3956D46DE8}") = "Sql", "Sql", "{3D13C7E2-24CF-47EF-B6A9-D791546E313E}"
	ProjectSection(SolutionItems) = preProject
		Admin.Sql.Test\Dockerfile = Admin.Sql.Test\Dockerfile
		Admin.Sql.Test\ModelsCreated.sql = Admin.Sql.Test\ModelsCreated.sql
		Admin.Sql.Test\Oids.sql = Admin.Sql.Test\Oids.sql
	EndProjectSection
EndProject
Project("{9A19103F-16F7-4668-BE54-9A1E7A4F7556}") = "Connection.Test", "Connection.Test\Connection.Test.csproj", "{2DAD9851-B99C-4784-BD60-2AB939A4CEF8}"
EndProject
Project("{FAE04EC0-301F-11D3-BF4B-00C04F79EFBC}") = "Admin.App", "Admin.App\Admin.App\Admin.App.csproj", "{E913B081-8C4B-4015-9136-62BC1AE157DC}"
EndProject
Project("{FAE04EC0-301F-11D3-BF4B-00C04F79EFBC}") = "Admin.App.Client", "Admin.App\Admin.App.Client\Admin.App.Client.csproj", "{D9BF6B2C-F8B4-4BC9-83BB-535F166FCB6A}"
EndProject
Global
	GlobalSection(SolutionConfigurationPlatforms) = preSolution
		Debug|Any CPU = Debug|Any CPU
		Release|Any CPU = Release|Any CPU
	EndGlobalSection
	GlobalSection(ProjectConfigurationPlatforms) = postSolution
		{D6946674-F48D-4B66-A077-9DB3194CEC5B}.Debug|Any CPU.ActiveCfg = Debug|Any CPU
		{D6946674-F48D-4B66-A077-9DB3194CEC5B}.Debug|Any CPU.Build.0 = Debug|Any CPU
		{D6946674-F48D-4B66-A077-9DB3194CEC5B}.Release|Any CPU.ActiveCfg = Release|Any CPU
		{D6946674-F48D-4B66-A077-9DB3194CEC5B}.Release|Any CPU.Build.0 = Release|Any CPU
		{A769F86A-BFD4-40BB-8698-AA2998537BCC}.Debug|Any CPU.ActiveCfg = Debug|Any CPU
		{A769F86A-BFD4-40BB-8698-AA2998537BCC}.Debug|Any CPU.Build.0 = Debug|Any CPU
		{A769F86A-BFD4-40BB-8698-AA2998537BCC}.Release|Any CPU.ActiveCfg = Release|Any CPU
		{A769F86A-BFD4-40BB-8698-AA2998537BCC}.Release|Any CPU.Build.0 = Release|Any CPU
		{968684B3-4A81-4922-92EB-7BDD893CC848}.Debug|Any CPU.ActiveCfg = Debug|Any CPU
		{968684B3-4A81-4922-92EB-7BDD893CC848}.Debug|Any CPU.Build.0 = Debug|Any CPU
		{968684B3-4A81-4922-92EB-7BDD893CC848}.Release|Any CPU.ActiveCfg = Release|Any CPU
		{968684B3-4A81-4922-92EB-7BDD893CC848}.Release|Any CPU.Build.0 = Release|Any CPU
		{1B8650C6-CF29-4D0B-A2D2-C4843E60E9E9}.Debug|Any CPU.ActiveCfg = Debug|Any CPU
		{1B8650C6-CF29-4D0B-A2D2-C4843E60E9E9}.Debug|Any CPU.Build.0 = Debug|Any CPU
		{1B8650C6-CF29-4D0B-A2D2-C4843E60E9E9}.Release|Any CPU.ActiveCfg = Release|Any CPU
		{1B8650C6-CF29-4D0B-A2D2-C4843E60E9E9}.Release|Any CPU.Build.0 = Release|Any CPU
		{1AB947E8-0898-4963-982A-3748D8FAD49F}.Debug|Any CPU.ActiveCfg = Debug|Any CPU
		{1AB947E8-0898-4963-982A-3748D8FAD49F}.Debug|Any CPU.Build.0 = Debug|Any CPU
		{1AB947E8-0898-4963-982A-3748D8FAD49F}.Release|Any CPU.ActiveCfg = Release|Any CPU
		{1AB947E8-0898-4963-982A-3748D8FAD49F}.Release|Any CPU.Build.0 = Release|Any CPU
		{4BA94D6D-F702-43F1-9E9C-DDFF99DBCED9}.Debug|Any CPU.ActiveCfg = Debug|Any CPU
		{4BA94D6D-F702-43F1-9E9C-DDFF99DBCED9}.Debug|Any CPU.Build.0 = Debug|Any CPU
		{4BA94D6D-F702-43F1-9E9C-DDFF99DBCED9}.Release|Any CPU.ActiveCfg = Release|Any CPU
		{4BA94D6D-F702-43F1-9E9C-DDFF99DBCED9}.Release|Any CPU.Build.0 = Release|Any CPU
		{B7A77A67-A729-4D91-ABE0-3F8B90421E44}.Debug|Any CPU.ActiveCfg = Debug|Any CPU
		{B7A77A67-A729-4D91-ABE0-3F8B90421E44}.Debug|Any CPU.Build.0 = Debug|Any CPU
		{B7A77A67-A729-4D91-ABE0-3F8B90421E44}.Release|Any CPU.ActiveCfg = Release|Any CPU
		{B7A77A67-A729-4D91-ABE0-3F8B90421E44}.Release|Any CPU.Build.0 = Release|Any CPU
		{4C1EF434-8DA3-4747-AC89-DC7449467D00}.Debug|Any CPU.ActiveCfg = Debug|Any CPU
		{4C1EF434-8DA3-4747-AC89-DC7449467D00}.Debug|Any CPU.Build.0 = Debug|Any CPU
		{4C1EF434-8DA3-4747-AC89-DC7449467D00}.Release|Any CPU.ActiveCfg = Release|Any CPU
		{4C1EF434-8DA3-4747-AC89-DC7449467D00}.Release|Any CPU.Build.0 = Release|Any CPU
		{2DAD9851-B99C-4784-BD60-2AB939A4CEF8}.Debug|Any CPU.ActiveCfg = Debug|Any CPU
		{2DAD9851-B99C-4784-BD60-2AB939A4CEF8}.Debug|Any CPU.Build.0 = Debug|Any CPU
		{2DAD9851-B99C-4784-BD60-2AB939A4CEF8}.Release|Any CPU.ActiveCfg = Release|Any CPU
		{2DAD9851-B99C-4784-BD60-2AB939A4CEF8}.Release|Any CPU.Build.0 = Release|Any CPU
		{E913B081-8C4B-4015-9136-62BC1AE157DC}.Debug|Any CPU.ActiveCfg = Debug|Any CPU
		{E913B081-8C4B-4015-9136-62BC1AE157DC}.Debug|Any CPU.Build.0 = Debug|Any CPU
		{E913B081-8C4B-4015-9136-62BC1AE157DC}.Release|Any CPU.ActiveCfg = Release|Any CPU
		{E913B081-8C4B-4015-9136-62BC1AE157DC}.Release|Any CPU.Build.0 = Release|Any CPU
		{D9BF6B2C-F8B4-4BC9-83BB-535F166FCB6A}.Debug|Any CPU.ActiveCfg = Debug|Any CPU
		{D9BF6B2C-F8B4-4BC9-83BB-535F166FCB6A}.Debug|Any CPU.Build.0 = Debug|Any CPU
		{D9BF6B2C-F8B4-4BC9-83BB-535F166FCB6A}.Release|Any CPU.ActiveCfg = Release|Any CPU
		{D9BF6B2C-F8B4-4BC9-83BB-535F166FCB6A}.Release|Any CPU.Build.0 = Release|Any CPU
	EndGlobalSection
	GlobalSection(SolutionProperties) = preSolution
		HideSolutionNode = FALSE
	EndGlobalSection
	GlobalSection(NestedProjects) = preSolution
		{D6946674-F48D-4B66-A077-9DB3194CEC5B} = {C673D072-A4D5-4709-97BB-760A674345D9}
		{C673D072-A4D5-4709-97BB-760A674345D9} = {AC72FBC3-EA93-4AAF-A654-8C153FB706C4}
		{F4A1DBF4-785E-4682-B543-34F08EFCD9A6} = {AC72FBC3-EA93-4AAF-A654-8C153FB706C4}
		{68C90E22-2B2E-491D-96F8-60C475EB644E} = {AC72FBC3-EA93-4AAF-A654-8C153FB706C4}
		{A769F86A-BFD4-40BB-8698-AA2998537BCC} = {F4A1DBF4-785E-4682-B543-34F08EFCD9A6}
		{968684B3-4A81-4922-92EB-7BDD893CC848} = {68C90E22-2B2E-491D-96F8-60C475EB644E}
		{1B8650C6-CF29-4D0B-A2D2-C4843E60E9E9} = {F4A1DBF4-785E-4682-B543-34F08EFCD9A6}
		{1AB947E8-0898-4963-982A-3748D8FAD49F} = {F4A1DBF4-785E-4682-B543-34F08EFCD9A6}
		{7A67E174-00E4-4C99-80A6-1AB7CA1AA256} = {AC72FBC3-EA93-4AAF-A654-8C153FB706C4}
		{BA62798C-DF4A-4A68-B361-4339A6BB9FEF} = {AC72FBC3-EA93-4AAF-A654-8C153FB706C4}
		{B7A77A67-A729-4D91-ABE0-3F8B90421E44} = {BA62798C-DF4A-4A68-B361-4339A6BB9FEF}
		{E711394E-7FE3-4011-8B0D-CDC678C24503} = {AC72FBC3-EA93-4AAF-A654-8C153FB706C4}
		{4C1EF434-8DA3-4747-AC89-DC7449467D00} = {E711394E-7FE3-4011-8B0D-CDC678C24503}
		{3D13C7E2-24CF-47EF-B6A9-D791546E313E} = {AC72FBC3-EA93-4AAF-A654-8C153FB706C4}
		{2DAD9851-B99C-4784-BD60-2AB939A4CEF8} = {061A5B3A-1717-4657-835E-1A809B05D28D}
		{E913B081-8C4B-4015-9136-62BC1AE157DC} = {7A67E174-00E4-4C99-80A6-1AB7CA1AA256}
		{D9BF6B2C-F8B4-4BC9-83BB-535F166FCB6A} = {7A67E174-00E4-4C99-80A6-1AB7CA1AA256}
	EndGlobalSection
	GlobalSection(ExtensibilityGlobals) = postSolution
		SolutionGuid = {914E1866-9657-4FCD-8763-3CAA0F1662FC}
	EndGlobalSection
EndGlobal
